
Microsoft Visual Studio Solution File, Format Version 12.00
# Visual Studio Version 17
VisualStudioVersion = 17.1.32210.238
MinimumVisualStudioVersion = 10.0.40219.1
Project("{FAE04EC0-301F-11D3-BF4B-00C04F79EFBC}") = "StopWatch", "StopWatch\StopWatch.csproj", "{4EC62A28-24AA-4569-B902-78962E12FC04}"
EndProject
Global
	GlobalSection(SolutionConfigurationPlatforms) = preSolution
		Debug|Any CPU = Debug|Any CPU
		Release|Any CPU = Release|Any CPU
	EndGlobalSection
	GlobalSection(ProjectConfigurationPlatforms) = postSolution
		{4EC62A28-24AA-4569-B902-78962E12FC04}.Debug|Any CPU.ActiveCfg = Debug|Any CPU
		{4EC62A28-24AA-4569-B902-78962E12FC04}.Debug|Any CPU.Build.0 = Debug|Any CPU
		{4EC62A28-24AA-4569-B902-78962E12FC04}.Release|Any CPU.ActiveCfg = Release|Any CPU
		{4EC62A28-24AA-4569-B902-78962E12FC04}.Release|Any CPU.Build.0 = Release|Any CPU
	EndGlobalSection
	GlobalSection(SolutionProperties) = preSolution
		HideSolutionNode = FALSE
	EndGlobalSection
	GlobalSection(ExtensibilityGlobals) = postSolution
		SolutionGuid = {E38F795B-7A61-48F6-A7D5-EC9444D7AE0A}
	EndGlobalSection
EndGlobal
